
Microsoft Visual Studio Solution File, Format Version 12.00
# Visual Studio Version 17
VisualStudioVersion = 17.0.32014.148
MinimumVisualStudioVersion = 10.0.40219.1
Project("{9A19103F-16F7-4668-BE54-9A1E7A4F7556}") = "EAudit", "EAudit\EAudit.csproj", "{A396FC5F-7F7A-4140-9F07-D5CA501A0AA8}"
EndProject
Global
	GlobalSection(SolutionConfigurationPlatforms) = preSolution
		Debug|Any CPU = Debug|Any CPU
		Release|Any CPU = Release|Any CPU
	EndGlobalSection
	GlobalSection(ProjectConfigurationPlatforms) = postSolution
		{A396FC5F-7F7A-4140-9F07-D5CA501A0AA8}.Debug|Any CPU.ActiveCfg = Debug|Any CPU
		{A396FC5F-7F7A-4140-9F07-D5CA501A0AA8}.Debug|Any CPU.Build.0 = Debug|Any CPU
		{A396FC5F-7F7A-4140-9F07-D5CA501A0AA8}.Release|Any CPU.ActiveCfg = Release|Any CPU
		{A396FC5F-7F7A-4140-9F07-D5CA501A0AA8}.Release|Any CPU.Build.0 = Release|Any CPU
	EndGlobalSection
	GlobalSection(SolutionProperties) = preSolution
		HideSolutionNode = FALSE
	EndGlobalSection
	GlobalSection(ExtensibilityGlobals) = postSolution
		SolutionGuid = {DB4E9FF0-56DE-4E86-BD00-25DCDE0D3BF7}
	EndGlobalSection
EndGlobal
